
Microsoft Visual Studio Solution File, Format Version 12.00
# Visual Studio Version 17
VisualStudioVersion = 17.12.35506.116
MinimumVisualStudioVersion = 10.0.40219.1
Project("{FAE04EC0-301F-11D3-BF4B-00C04F79EFBC}") = "API", "API\API.csproj", "{107C55CE-6FBF-4218-8708-5042B4290365}"
EndProject
Project("{FAE04EC0-301F-11D3-BF4B-00C04F79EFBC}") = "DAO", "DAO\DAO.csproj", "{F30E0843-817A-4D31-89A0-2806022ADFD2}"
EndProject
Project("{FAE04EC0-301F-11D3-BF4B-00C04F79EFBC}") = "Models", "Models\Models.csproj", "{0BA1323D-C2B0-4135-ACE2-D6EE824C02DB}"
EndProject
Project("{FAE04EC0-301F-11D3-BF4B-00C04F79EFBC}") = "BLL", "BLL\BLL.csproj", "{56C7FFB0-DB4B-41D0-980C-1C87372468A1}"
EndProject
Project("{FAE04EC0-301F-11D3-BF4B-00C04F79EFBC}") = "Repository_Layer", "Repository\Repository_Layer.csproj", "{9DA113B2-E2D8-402F-BBE9-B2B3AC075603}"
EndProject
Project("{FAE04EC0-301F-11D3-BF4B-00C04F79EFBC}") = "Validation_Layer", "Validation_Layer\Validation_Layer.csproj", "{EEA451DB-A303-4AD6-AF5F-763A14B2BB0A}"
EndProject
Global
	GlobalSection(SolutionConfigurationPlatforms) = preSolution
		Debug|Any CPU = Debug|Any CPU
		Release|Any CPU = Release|Any CPU
	EndGlobalSection
	GlobalSection(ProjectConfigurationPlatforms) = postSolution
		{107C55CE-6FBF-4218-8708-5042B4290365}.Debug|Any CPU.ActiveCfg = Debug|Any CPU
		{107C55CE-6FBF-4218-8708-5042B4290365}.Debug|Any CPU.Build.0 = Debug|Any CPU
		{107C55CE-6FBF-4218-8708-5042B4290365}.Release|Any CPU.ActiveCfg = Release|Any CPU
		{107C55CE-6FBF-4218-8708-5042B4290365}.Release|Any CPU.Build.0 = Release|Any CPU
		{F30E0843-817A-4D31-89A0-2806022ADFD2}.Debug|Any CPU.ActiveCfg = Debug|Any CPU
		{F30E0843-817A-4D31-89A0-2806022ADFD2}.Debug|Any CPU.Build.0 = Debug|Any CPU
		{F30E0843-817A-4D31-89A0-2806022ADFD2}.Release|Any CPU.ActiveCfg = Release|Any CPU
		{F30E0843-817A-4D31-89A0-2806022ADFD2}.Release|Any CPU.Build.0 = Release|Any CPU
		{0BA1323D-C2B0-4135-ACE2-D6EE824C02DB}.Debug|Any CPU.ActiveCfg = Debug|Any CPU
		{0BA1323D-C2B0-4135-ACE2-D6EE824C02DB}.Debug|Any CPU.Build.0 = Debug|Any CPU
		{0BA1323D-C2B0-4135-ACE2-D6EE824C02DB}.Release|Any CPU.ActiveCfg = Release|Any CPU
		{0BA1323D-C2B0-4135-ACE2-D6EE824C02DB}.Release|Any CPU.Build.0 = Release|Any CPU
		{56C7FFB0-DB4B-41D0-980C-1C87372468A1}.Debug|Any CPU.ActiveCfg = Debug|Any CPU
		{56C7FFB0-DB4B-41D0-980C-1C87372468A1}.Debug|Any CPU.Build.0 = Debug|Any CPU
		{56C7FFB0-DB4B-41D0-980C-1C87372468A1}.Release|Any CPU.ActiveCfg = Release|Any CPU
		{56C7FFB0-DB4B-41D0-980C-1C87372468A1}.Release|Any CPU.Build.0 = Release|Any CPU
		{9DA113B2-E2D8-402F-BBE9-B2B3AC075603}.Debug|Any CPU.ActiveCfg = Debug|Any CPU
		{9DA113B2-E2D8-402F-BBE9-B2B3AC075603}.Debug|Any CPU.Build.0 = Debug|Any CPU
		{9DA113B2-E2D8-402F-BBE9-B2B3AC075603}.Release|Any CPU.ActiveCfg = Release|Any CPU
		{9DA113B2-E2D8-402F-BBE9-B2B3AC075603}.Release|Any CPU.Build.0 = Release|Any CPU
		{EEA451DB-A303-4AD6-AF5F-763A14B2BB0A}.Debug|Any CPU.ActiveCfg = Debug|Any CPU
		{EEA451DB-A303-4AD6-AF5F-763A14B2BB0A}.Debug|Any CPU.Build.0 = Debug|Any CPU
		{EEA451DB-A303-4AD6-AF5F-763A14B2BB0A}.Release|Any CPU.ActiveCfg = Release|Any CPU
		{EEA451DB-A303-4AD6-AF5F-763A14B2BB0A}.Release|Any CPU.Build.0 = Release|Any CPU
	EndGlobalSection
	GlobalSection(SolutionProperties) = preSolution
		HideSolutionNode = FALSE
	EndGlobalSection
EndGlobal
